
Microsoft Visual Studio Solution File, Format Version 12.00
# Visual Studio Version 17
VisualStudioVersion = 17.0.32112.339
MinimumVisualStudioVersion = 10.0.40219.1
Project("{FAE04EC0-301F-11D3-BF4B-00C04F79EFBC}") = "FibonacciNumber", "FibonacciNumber\FibonacciNumber.csproj", "{D799FCA5-8F77-4EAA-A614-C565475F0000}"
EndProject
Global
	GlobalSection(SolutionConfigurationPlatforms) = preSolution
		Debug|Any CPU = Debug|Any CPU
		Release|Any CPU = Release|Any CPU
	EndGlobalSection
	GlobalSection(ProjectConfigurationPlatforms) = postSolution
		{D799FCA5-8F77-4EAA-A614-C565475F0000}.Debug|Any CPU.ActiveCfg = Debug|Any CPU
		{D799FCA5-8F77-4EAA-A614-C565475F0000}.Debug|Any CPU.Build.0 = Debug|Any CPU
		{D799FCA5-8F77-4EAA-A614-C565475F0000}.Release|Any CPU.ActiveCfg = Release|Any CPU
		{D799FCA5-8F77-4EAA-A614-C565475F0000}.Release|Any CPU.Build.0 = Release|Any CPU
	EndGlobalSection
	GlobalSection(SolutionProperties) = preSolution
		HideSolutionNode = FALSE
	EndGlobalSection
	GlobalSection(ExtensibilityGlobals) = postSolution
		SolutionGuid = {DDC28C05-929C-46D8-AAF1-C6F0AA26A09D}
	EndGlobalSection
EndGlobal
