
Microsoft Visual Studio Solution File, Format Version 12.00
# Visual Studio 15
VisualStudioVersion = 15.0.28307.1758
MinimumVisualStudioVersion = 10.0.40219.1
Project("{FAE04EC0-301F-11D3-BF4B-00C04F79EFBC}") = "AppTry2.Android", "AppTry2\AppTry2.Android\AppTry2.Android.csproj", "{4DC83BE2-A784-498E-B208-3933973CC9DE}"
EndProject
Project("{FAE04EC0-301F-11D3-BF4B-00C04F79EFBC}") = "AppTry2.iOS", "AppTry2\AppTry2.iOS\AppTry2.iOS.csproj", "{5F90F046-0C0C-46ED-B8FC-781463EEE9CE}"
EndProject
Project("{FAE04EC0-301F-11D3-BF4B-00C04F79EFBC}") = "AppTry2", "AppTry2\AppTry2\AppTry2.csproj", "{FAD3C57D-35BF-4E25-B683-7F056586F923}"
EndProject
Global
	GlobalSection(SolutionConfigurationPlatforms) = preSolution
		Ad-Hoc|Any CPU = Ad-Hoc|Any CPU
		Ad-Hoc|iPhone = Ad-Hoc|iPhone
		Ad-Hoc|iPhoneSimulator = Ad-Hoc|iPhoneSimulator
		AppStore|Any CPU = AppStore|Any CPU
		AppStore|iPhone = AppStore|iPhone
		AppStore|iPhoneSimulator = AppStore|iPhoneSimulator
		Debug|Any CPU = Debug|Any CPU
		Debug|iPhone = Debug|iPhone
		Debug|iPhoneSimulator = Debug|iPhoneSimulator
		Release|Any CPU = Release|Any CPU
		Release|iPhone = Release|iPhone
		Release|iPhoneSimulator = Release|iPhoneSimulator
	EndGlobalSection
	GlobalSection(ProjectConfigurationPlatforms) = postSolution
		{4DC83BE2-A784-498E-B208-3933973CC9DE}.Ad-Hoc|Any CPU.ActiveCfg = Release|Any CPU
		{4DC83BE2-A784-498E-B208-3933973CC9DE}.Ad-Hoc|Any CPU.Build.0 = Release|Any CPU
		{4DC83BE2-A784-498E-B208-3933973CC9DE}.Ad-Hoc|Any CPU.Deploy.0 = Release|Any CPU
		{4DC83BE2-A784-498E-B208-3933973CC9DE}.Ad-Hoc|iPhone.ActiveCfg = Release|Any CPU
		{4DC83BE2-A784-498E-B208-3933973CC9DE}.Ad-Hoc|iPhone.Build.0 = Release|Any CPU
		{4DC83BE2-A784-498E-B208-3933973CC9DE}.Ad-Hoc|iPhone.Deploy.0 = Release|Any CPU
		{4DC83BE2-A784-498E-B208-3933973CC9DE}.Ad-Hoc|iPhoneSimulator.ActiveCfg = Release|Any CPU
		{4DC83BE2-A784-498E-B208-3933973CC9DE}.Ad-Hoc|iPhoneSimulator.Build.0 = Release|Any CPU
		{4DC83BE2-A784-498E-B208-3933973CC9DE}.Ad-Hoc|iPhoneSimulator.Deploy.0 = Release|Any CPU
		{4DC83BE2-A784-498E-B208-3933973CC9DE}.AppStore|Any CPU.ActiveCfg = Release|Any CPU
		{4DC83BE2-A784-498E-B208-3933973CC9DE}.AppStore|Any CPU.Build.0 = Release|Any CPU
		{4DC83BE2-A784-498E-B208-3933973CC9DE}.AppStore|Any CPU.Deploy.0 = Release|Any CPU
		{4DC83BE2-A784-498E-B208-3933973CC9DE}.AppStore|iPhone.ActiveCfg = Release|Any CPU
		{4DC83BE2-A784-498E-B208-3933973CC9DE}.AppStore|iPhone.Build.0 = Release|Any CPU
		{4DC83BE2-A784-498E-B208-3933973CC9DE}.AppStore|iPhone.Deploy.0 = Release|Any CPU
		{4DC83BE2-A784-498E-B208-3933973CC9DE}.AppStore|iPhoneSimulator.ActiveCfg = Release|Any CPU
		{4DC83BE2-A784-498E-B208-3933973CC9DE}.AppStore|iPhoneSimulator.Build.0 = Release|Any CPU
		{4DC83BE2-A784-498E-B208-3933973CC9DE}.AppStore|iPhoneSimulator.Deploy.0 = Release|Any CPU
		{4DC83BE2-A784-498E-B208-3933973CC9DE}.Debug|Any CPU.ActiveCfg = Debug|Any CPU
		{4DC83BE2-A784-498E-B208-3933973CC9DE}.Debug|Any CPU.Build.0 = Debug|Any CPU
		{4DC83BE2-A784-498E-B208-3933973CC9DE}.Debug|Any CPU.Deploy.0 = Debug|Any CPU
		{4DC83BE2-A784-498E-B208-3933973CC9DE}.Debug|iPhone.ActiveCfg = Debug|Any CPU
		{4DC83BE2-A784-498E-B208-3933973CC9DE}.Debug|iPhone.Build.0 = Debug|Any CPU
		{4DC83BE2-A784-498E-B208-3933973CC9DE}.Debug|iPhone.Deploy.0 = Debug|Any CPU
		{4DC83BE2-A784-498E-B208-3933973CC9DE}.Debug|iPhoneSimulator.ActiveCfg = Debug|Any CPU
		{4DC83BE2-A784-498E-B208-3933973CC9DE}.Debug|iPhoneSimulator.Build.0 = Debug|Any CPU
		{4DC83BE2-A784-498E-B208-3933973CC9DE}.Debug|iPhoneSimulator.Deploy.0 = Debug|Any CPU
		{4DC83BE2-A784-498E-B208-3933973CC9DE}.Release|Any CPU.ActiveCfg = Release|Any CPU
		{4DC83BE2-A784-498E-B208-3933973CC9DE}.Release|Any CPU.Build.0 = Release|Any CPU
		{4DC83BE2-A784-498E-B208-3933973CC9DE}.Release|Any CPU.Deploy.0 = Release|Any CPU
		{4DC83BE2-A784-498E-B208-3933973CC9DE}.Release|iPhone.ActiveCfg = Release|Any CPU
		{4DC83BE2-A784-498E-B208-3933973CC9DE}.Release|iPhone.Build.0 = Release|Any CPU
		{4DC83BE2-A784-498E-B208-3933973CC9DE}.Release|iPhone.Deploy.0 = Release|Any CPU
		{4DC83BE2-A784-498E-B208-3933973CC9DE}.Release|iPhoneSimulator.ActiveCfg = Release|Any CPU
		{4DC83BE2-A784-498E-B208-3933973CC9DE}.Release|iPhoneSimulator.Build.0 = Release|Any CPU
		{4DC83BE2-A784-498E-B208-3933973CC9DE}.Release|iPhoneSimulator.Deploy.0 = Release|Any CPU
		{5F90F046-0C0C-46ED-B8FC-781463EEE9CE}.Ad-Hoc|Any CPU.ActiveCfg = Ad-Hoc|iPhone
		{5F90F046-0C0C-46ED-B8FC-781463EEE9CE}.Ad-Hoc|Any CPU.Build.0 = Ad-Hoc|iPhone
		{5F90F046-0C0C-46ED-B8FC-781463EEE9CE}.Ad-Hoc|Any CPU.Deploy.0 = Ad-Hoc|iPhone
		{5F90F046-0C0C-46ED-B8FC-781463EEE9CE}.Ad-Hoc|iPhone.ActiveCfg = Ad-Hoc|iPhone
		{5F90F046-0C0C-46ED-B8FC-781463EEE9CE}.Ad-Hoc|iPhone.Build.0 = Ad-Hoc|iPhone
		{5F90F046-0C0C-46ED-B8FC-781463EEE9CE}.Ad-Hoc|iPhone.Deploy.0 = Ad-Hoc|iPhone
		{5F90F046-0C0C-46ED-B8FC-781463EEE9CE}.Ad-Hoc|iPhoneSimulator.ActiveCfg = Ad-Hoc|iPhoneSimulator
		{5F90F046-0C0C-46ED-B8FC-781463EEE9CE}.Ad-Hoc|iPhoneSimulator.Build.0 = Ad-Hoc|iPhoneSimulator
		{5F90F046-0C0C-46ED-B8FC-781463EEE9CE}.Ad-Hoc|iPhoneSimulator.Deploy.0 = Ad-Hoc|iPhoneSimulator
		{5F90F046-0C0C-46ED-B8FC-781463EEE9CE}.AppStore|Any CPU.ActiveCfg = AppStore|iPhone
		{5F90F046-0C0C-46ED-B8FC-781463EEE9CE}.AppStore|Any CPU.Build.0 = AppStore|iPhone
		{5F90F046-0C0C-46ED-B8FC-781463EEE9CE}.AppStore|Any CPU.Deploy.0 = AppStore|iPhone
		{5F90F046-0C0C-46ED-B8FC-781463EEE9CE}.AppStore|iPhone.ActiveCfg = AppStore|iPhone
		{5F90F046-0C0C-46ED-B8FC-781463EEE9CE}.AppStore|iPhone.Build.0 = AppStore|iPhone
		{5F90F046-0C0C-46ED-B8FC-781463EEE9CE}.AppStore|iPhone.Deploy.0 = AppStore|iPhone
		{5F90F046-0C0C-46ED-B8FC-781463EEE9CE}.AppStore|iPhoneSimulator.ActiveCfg = AppStore|iPhoneSimulator
		{5F90F046-0C0C-46ED-B8FC-781463EEE9CE}.AppStore|iPhoneSimulator.Build.0 = AppStore|iPhoneSimulator
		{5F90F046-0C0C-46ED-B8FC-781463EEE9CE}.AppStore|iPhoneSimulator.Deploy.0 = AppStore|iPhoneSimulator
		{5F90F046-0C0C-46ED-B8FC-781463EEE9CE}.Debug|Any CPU.ActiveCfg = Debug|iPhoneSimulator
		{5F90F046-0C0C-46ED-B8FC-781463EEE9CE}.Debug|Any CPU.Build.0 = Debug|iPhoneSimulator
		{5F90F046-0C0C-46ED-B8FC-781463EEE9CE}.Debug|Any CPU.Deploy.0 = Debug|iPhoneSimulator
		{5F90F046-0C0C-46ED-B8FC-781463EEE9CE}.Debug|iPhone.ActiveCfg = Debug|iPhone
		{5F90F046-0C0C-46ED-B8FC-781463EEE9CE}.Debug|iPhone.Build.0 = Debug|iPhone
		{5F90F046-0C0C-46ED-B8FC-781463EEE9CE}.Debug|iPhone.Deploy.0 = Debug|iPhone
		{5F90F046-0C0C-46ED-B8FC-781463EEE9CE}.Debug|iPhoneSimulator.ActiveCfg = Debug|iPhoneSimulator
		{5F90F046-0C0C-46ED-B8FC-781463EEE9CE}.Debug|iPhoneSimulator.Build.0 = Debug|iPhoneSimulator
		{5F90F046-0C0C-46ED-B8FC-781463EEE9CE}.Debug|iPhoneSimulator.Deploy.0 = Debug|iPhoneSimulator
		{5F90F046-0C0C-46ED-B8FC-781463EEE9CE}.Release|Any CPU.ActiveCfg = Release|iPhone
		{5F90F046-0C0C-46ED-B8FC-781463EEE9CE}.Release|Any CPU.Build.0 = Release|iPhone
		{5F90F046-0C0C-46ED-B8FC-781463EEE9CE}.Release|Any CPU.Deploy.0 = Release|iPhone
		{5F90F046-0C0C-46ED-B8FC-781463EEE9CE}.Release|iPhone.ActiveCfg = Release|iPhone
		{5F90F046-0C0C-46ED-B8FC-781463EEE9CE}.Release|iPhone.Build.0 = Release|iPhone
		{5F90F046-0C0C-46ED-B8FC-781463EEE9CE}.Release|iPhone.Deploy.0 = Release|iPhone
		{5F90F046-0C0C-46ED-B8FC-781463EEE9CE}.Release|iPhoneSimulator.ActiveCfg = Release|iPhoneSimulator
		{5F90F046-0C0C-46ED-B8FC-781463EEE9CE}.Release|iPhoneSimulator.Build.0 = Release|iPhoneSimulator
		{5F90F046-0C0C-46ED-B8FC-781463EEE9CE}.Release|iPhoneSimulator.Deploy.0 = Release|iPhoneSimulator
		{FAD3C57D-35BF-4E25-B683-7F056586F923}.Ad-Hoc|Any CPU.ActiveCfg = Debug|Any CPU
		{FAD3C57D-35BF-4E25-B683-7F056586F923}.Ad-Hoc|Any CPU.Build.0 = Debug|Any CPU
		{FAD3C57D-35BF-4E25-B683-7F056586F923}.Ad-Hoc|Any CPU.Deploy.0 = Debug|Any CPU
		{FAD3C57D-35BF-4E25-B683-7F056586F923}.Ad-Hoc|iPhone.ActiveCfg = Debug|Any CPU
		{FAD3C57D-35BF-4E25-B683-7F056586F923}.Ad-Hoc|iPhone.Build.0 = Debug|Any CPU
		{FAD3C57D-35BF-4E25-B683-7F056586F923}.Ad-Hoc|iPhone.Deploy.0 = Debug|Any CPU
		{FAD3C57D-35BF-4E25-B683-7F056586F923}.Ad-Hoc|iPhoneSimulator.ActiveCfg = Debug|Any CPU
		{FAD3C57D-35BF-4E25-B683-7F056586F923}.Ad-Hoc|iPhoneSimulator.Build.0 = Debug|Any CPU
		{FAD3C57D-35BF-4E25-B683-7F056586F923}.Ad-Hoc|iPhoneSimulator.Deploy.0 = Debug|Any CPU
		{FAD3C57D-35BF-4E25-B683-7F056586F923}.AppStore|Any CPU.ActiveCfg = Debug|Any CPU
		{FAD3C57D-35BF-4E25-B683-7F056586F923}.AppStore|Any CPU.Build.0 = Debug|Any CPU
		{FAD3C57D-35BF-4E25-B683-7F056586F923}.AppStore|Any CPU.Deploy.0 = Debug|Any CPU
		{FAD3C57D-35BF-4E25-B683-7F056586F923}.AppStore|iPhone.ActiveCfg = Debug|Any CPU
		{FAD3C57D-35BF-4E25-B683-7F056586F923}.AppStore|iPhone.Build.0 = Debug|Any CPU
		{FAD3C57D-35BF-4E25-B683-7F056586F923}.AppStore|iPhone.Deploy.0 = Debug|Any CPU
		{FAD3C57D-35BF-4E25-B683-7F056586F923}.AppStore|iPhoneSimulator.ActiveCfg = Debug|Any CPU
		{FAD3C57D-35BF-4E25-B683-7F056586F923}.AppStore|iPhoneSimulator.Build.0 = Debug|Any CPU
		{FAD3C57D-35BF-4E25-B683-7F056586F923}.AppStore|iPhoneSimulator.Deploy.0 = Debug|Any CPU
		{FAD3C57D-35BF-4E25-B683-7F056586F923}.Debug|Any CPU.ActiveCfg = Debug|Any CPU
		{FAD3C57D-35BF-4E25-B683-7F056586F923}.Debug|Any CPU.Build.0 = Debug|Any CPU
		{FAD3C57D-35BF-4E25-B683-7F056586F923}.Debug|Any CPU.Deploy.0 = Debug|Any CPU
		{FAD3C57D-35BF-4E25-B683-7F056586F923}.Debug|iPhone.ActiveCfg = Debug|Any CPU
		{FAD3C57D-35BF-4E25-B683-7F056586F923}.Debug|iPhone.Build.0 = Debug|Any CPU
		{FAD3C57D-35BF-4E25-B683-7F056586F923}.Debug|iPhone.Deploy.0 = Debug|Any CPU
		{FAD3C57D-35BF-4E25-B683-7F056586F923}.Debug|iPhoneSimulator.ActiveCfg = Debug|Any CPU
		{FAD3C57D-35BF-4E25-B683-7F056586F923}.Debug|iPhoneSimulator.Build.0 = Debug|Any CPU
		{FAD3C57D-35BF-4E25-B683-7F056586F923}.Debug|iPhoneSimulator.Deploy.0 = Debug|Any CPU
		{FAD3C57D-35BF-4E25-B683-7F056586F923}.Release|Any CPU.ActiveCfg = Release|Any CPU
		{FAD3C57D-35BF-4E25-B683-7F056586F923}.Release|Any CPU.Build.0 = Release|Any CPU
		{FAD3C57D-35BF-4E25-B683-7F056586F923}.Release|Any CPU.Deploy.0 = Release|Any CPU
		{FAD3C57D-35BF-4E25-B683-7F056586F923}.Release|iPhone.ActiveCfg = Release|Any CPU
		{FAD3C57D-35BF-4E25-B683-7F056586F923}.Release|iPhone.Build.0 = Release|Any CPU
		{FAD3C57D-35BF-4E25-B683-7F056586F923}.Release|iPhone.Deploy.0 = Release|Any CPU
		{FAD3C57D-35BF-4E25-B683-7F056586F923}.Release|iPhoneSimulator.ActiveCfg = Release|Any CPU
		{FAD3C57D-35BF-4E25-B683-7F056586F923}.Release|iPhoneSimulator.Build.0 = Release|Any CPU
		{FAD3C57D-35BF-4E25-B683-7F056586F923}.Release|iPhoneSimulator.Deploy.0 = Release|Any CPU
	EndGlobalSection
	GlobalSection(SolutionProperties) = preSolution
		HideSolutionNode = FALSE
	EndGlobalSection
	GlobalSection(ExtensibilityGlobals) = postSolution
		SolutionGuid = {E50AC737-06B8-4B2C-BCD2-B8FD94B90FFF}
	EndGlobalSection
EndGlobal
